
Microsoft Visual Studio Solution File, Format Version 12.00
# Visual Studio Version 17
VisualStudioVersion = 17.6.33829.357
MinimumVisualStudioVersion = 10.0.40219.1
Project("{FAE04EC0-301F-11D3-BF4B-00C04F79EFBC}") = "RamandAPI", "RamandAPI\RamandAPI.csproj", "{6A62B111-FD19-4CAD-8AAD-83F1C6F2FF58}"
EndProject
Project("{9A19103F-16F7-4668-BE54-9A1E7A4F7556}") = "Domain", "Domain\Domain.csproj", "{8D31499C-27E6-420A-91CD-5C080AAE2955}"
EndProject
Project("{FAE04EC0-301F-11D3-BF4B-00C04F79EFBC}") = "Infrastructure", "Infrastructure\Infrastructure.csproj", "{0E19B5A7-C73A-4C28-8A14-BFC8F13227DE}"
EndProject
Global
	GlobalSection(SolutionConfigurationPlatforms) = preSolution
		Debug|Any CPU = Debug|Any CPU
		Release|Any CPU = Release|Any CPU
	EndGlobalSection
	GlobalSection(ProjectConfigurationPlatforms) = postSolution
		{6A62B111-FD19-4CAD-8AAD-83F1C6F2FF58}.Debug|Any CPU.ActiveCfg = Debug|Any CPU
		{6A62B111-FD19-4CAD-8AAD-83F1C6F2FF58}.Debug|Any CPU.Build.0 = Debug|Any CPU
		{6A62B111-FD19-4CAD-8AAD-83F1C6F2FF58}.Release|Any CPU.ActiveCfg = Release|Any CPU
		{6A62B111-FD19-4CAD-8AAD-83F1C6F2FF58}.Release|Any CPU.Build.0 = Release|Any CPU
		{8D31499C-27E6-420A-91CD-5C080AAE2955}.Debug|Any CPU.ActiveCfg = Debug|Any CPU
		{8D31499C-27E6-420A-91CD-5C080AAE2955}.Debug|Any CPU.Build.0 = Debug|Any CPU
		{8D31499C-27E6-420A-91CD-5C080AAE2955}.Release|Any CPU.ActiveCfg = Release|Any CPU
		{8D31499C-27E6-420A-91CD-5C080AAE2955}.Release|Any CPU.Build.0 = Release|Any CPU
		{0E19B5A7-C73A-4C28-8A14-BFC8F13227DE}.Debug|Any CPU.ActiveCfg = Debug|Any CPU
		{0E19B5A7-C73A-4C28-8A14-BFC8F13227DE}.Debug|Any CPU.Build.0 = Debug|Any CPU
		{0E19B5A7-C73A-4C28-8A14-BFC8F13227DE}.Release|Any CPU.ActiveCfg = Release|Any CPU
		{0E19B5A7-C73A-4C28-8A14-BFC8F13227DE}.Release|Any CPU.Build.0 = Release|Any CPU
	EndGlobalSection
	GlobalSection(SolutionProperties) = preSolution
		HideSolutionNode = FALSE
	EndGlobalSection
	GlobalSection(ExtensibilityGlobals) = postSolution
		SolutionGuid = {E8B555E1-F80C-4835-936A-5A2CA051B63F}
	EndGlobalSection
EndGlobal
